<?xml version="1.0" encoding="utf-8"?>
<Project ToolsVersion="4.0" xmlns="http://schemas.microsoft.com/developer/msbuild/2003">
  <ItemGroup>
    <Filter Include="display">
      <UniqueIdentifier>{4563f7cb-a96a-4c5c-b7ae-9a68c7438bd9}</UniqueIdentifier>
    </Filter>
    <Filter Include="math">
      <UniqueIdentifier>{9b0e60f7-e8d9-41f6-804f-44af56cc690e}</UniqueIdentifier>
    </Filter>
    <Filter Include="log">
      <UniqueIdentifier>{5e709174-4c9d-49db-b996-25e1c50b23f3}</UniqueIdentifier>
    </Filter>
    <Filter Include="parser">
      <UniqueIdentifier>{1155881b-a8c8-41bd-8070-f0c5904655c1}</UniqueIdentifier>
    </Filter>
    <Filter Include="core">
      <UniqueIdentifier>{5462bb7c-7e11-428a-9b96-e5ed1917529b}</UniqueIdentifier>
    </Filter>
  </ItemGroup>
  <ItemGroup>
    <ClCompile Include="display\image_png.cpp">
      <Filter>display</Filter>
    </ClCompile>
    <ClCompile Include="log\log.cpp">
      <Filter>log</Filter>
    </ClCompile>
    <ClCompile Include="display\Painter.cpp">
      <Filter>display</Filter>
    </ClCompile>
    <ClCompile Include="display\WindowDisplayer.cpp">
      <Filter>display</Filter>
    </ClCompile>
    <ClCompile Include="core\win_main.cpp">
      <Filter>core</Filter>
    </ClCompile>
    <ClCompile Include="math\monolith_math.cpp">
      <Filter>math</Filter>
    </ClCompile>
    <ClCompile Include="core\camera.cpp">
      <Filter>core</Filter>
    </ClCompile>
    <ClCompile Include="core\rasterizer.cpp">
      <Filter>core</Filter>
    </ClCompile>
    <ClCompile Include="core\culling.cpp">
      <Filter>core</Filter>
    </ClCompile>
  </ItemGroup>
  <ItemGroup>
    <ClInclude Include="display\image_png.h">
      <Filter>display</Filter>
    </ClInclude>
    <ClInclude Include="log\log.h">
      <Filter>log</Filter>
    </ClInclude>
    <ClInclude Include="math\monolith_math.h">
      <Filter>math</Filter>
    </ClInclude>
    <ClInclude Include="display\Painter.h">
      <Filter>display</Filter>
    </ClInclude>
    <ClInclude Include="display\WindowDisplayer.h">
      <Filter>display</Filter>
    </ClInclude>
    <ClInclude Include="core\color.h">
      <Filter>core</Filter>
    </ClInclude>
    <ClInclude Include="core\rasterizer.h">
      <Filter>core</Filter>
    </ClInclude>
    <ClInclude Include="parser\file_parser.h">
      <Filter>parser</Filter>
    </ClInclude>
    <ClInclude Include="core\mesh.h">
      <Filter>core</Filter>
    </ClInclude>
    <ClInclude Include="core\camera.h">
      <Filter>core</Filter>
    </ClInclude>
    <ClInclude Include="core\transformation.h">
      <Filter>core</Filter>
    </ClInclude>
    <ClInclude Include="core\rz_types.h">
      <Filter>core</Filter>
    </ClInclude>
    <ClInclude Include="core\material.h">
      <Filter>core</Filter>
    </ClInclude>
    <ClInclude Include="core\triangle.h">
      <Filter>core</Filter>
    </ClInclude>
    <ClInclude Include="core\zbuffer.h">
      <Filter>core</Filter>
    </ClInclude>
    <ClInclude Include="core\culling.h">
      <Filter>core</Filter>
    </ClInclude>
    <ClInclude Include="core\primitive.h">
      <Filter>core</Filter>
    </ClInclude>
    <ClInclude Include="core\textbar.h">
      <Filter>core</Filter>
    </ClInclude>
    <ClInclude Include="core\render_thread.h">
      <Filter>core</Filter>
    </ClInclude>
  </ItemGroup>
</Project>